
Microsoft Visual Studio Solution File, Format Version 12.00
Project("{FAE04EC0-301F-11D3-BF4B-00C04F79EFBC}") = "AddressBook", "AddressBook\AddressBook.csproj", "{B4E89627-3CAB-4986-85EF-F7B40CEB10D2}"
EndProject
Project("{FAE04EC0-301F-11D3-BF4B-00C04F79EFBC}") = "TestAddressBook", "TestAddressBook\TestAddressBook.csproj", "{0161BE49-5BD8-4A36-84AE-3EB152867895}"
EndProject
Global
	GlobalSection(SolutionConfigurationPlatforms) = preSolution
		Debug|Any CPU = Debug|Any CPU
		Release|Any CPU = Release|Any CPU
	EndGlobalSection
	GlobalSection(ProjectConfigurationPlatforms) = postSolution
		{B4E89627-3CAB-4986-85EF-F7B40CEB10D2}.Debug|Any CPU.ActiveCfg = Debug|Any CPU
		{B4E89627-3CAB-4986-85EF-F7B40CEB10D2}.Debug|Any CPU.Build.0 = Debug|Any CPU
		{B4E89627-3CAB-4986-85EF-F7B40CEB10D2}.Release|Any CPU.ActiveCfg = Release|Any CPU
		{B4E89627-3CAB-4986-85EF-F7B40CEB10D2}.Release|Any CPU.Build.0 = Release|Any CPU
		{0161BE49-5BD8-4A36-84AE-3EB152867895}.Debug|Any CPU.ActiveCfg = Debug|Any CPU
		{0161BE49-5BD8-4A36-84AE-3EB152867895}.Debug|Any CPU.Build.0 = Debug|Any CPU
		{0161BE49-5BD8-4A36-84AE-3EB152867895}.Release|Any CPU.ActiveCfg = Release|Any CPU
		{0161BE49-5BD8-4A36-84AE-3EB152867895}.Release|Any CPU.Build.0 = Release|Any CPU
	EndGlobalSection
EndGlobal
